// !$*UTF8*$!
{
	archiveVersion = 1;
	classes = {
	};
	objectVersion = 50;
	objects = {

/* Begin PBXBuildFile section */
		081E0AA420FC8F6400DBA95C /* AppDelegate.swift in Sources */ = {isa = PBXBuildFile; fileRef = 081E0AA320FC8F6400DBA95C /* AppDelegate.swift */; };
		081E0AA620FC8F6400DBA95C /* ViewController.swift in Sources */ = {isa = PBXBuildFile; fileRef = 081E0AA520FC8F6400DBA95C /* ViewController.swift */; };
		081E0AA920FC8F6400DBA95C /* Main.storyboard in Resources */ = {isa = PBXBuildFile; fileRef = 081E0AA720FC8F6400DBA95C /* Main.storyboard */; };
		081E0AAB20FC8F6500DBA95C /* Assets.xcassets in Resources */ = {isa = PBXBuildFile; fileRef = 081E0AAA20FC8F6500DBA95C /* Assets.xcassets */; };
		081E0AAE20FC8F6500DBA95C /* LaunchScreen.storyboard in Resources */ = {isa = PBXBuildFile; fileRef = 081E0AAC20FC8F6500DBA95C /* LaunchScreen.storyboard */; };
		081E0AB620FC9C1B00DBA95C /* APIConstants.swift in Sources */ = {isa = PBXBuildFile; fileRef = 081E0AB520FC9C1B00DBA95C /* APIConstants.swift */; };
		08A6422E20FDE35000DF35D7 /* InfoFilmVC.swift in Sources */ = {isa = PBXBuildFile; fileRef = 08A6422D20FDE35000DF35D7 /* InfoFilmVC.swift */; };
		08A6423020FDF6DC00DF35D7 /* ExtensionUIImageView.swift in Sources */ = {isa = PBXBuildFile; fileRef = 08A6422F20FDF6DC00DF35D7 /* ExtensionUIImageView.swift */; };
		08B05EC920FCA9D600E60682 /* NetWorkManager.swift in Sources */ = {isa = PBXBuildFile; fileRef = 08B05EC820FCA9D600E60682 /* NetWorkManager.swift */; };
		08B05ECB20FCBA1300E60682 /* FilmModel.swift in Sources */ = {isa = PBXBuildFile; fileRef = 08B05ECA20FCBA1300E60682 /* FilmModel.swift */; };
		08B05ED120FCC21800E60682 /* FilmCell.swift in Sources */ = {isa = PBXBuildFile; fileRef = 08B05ECF20FCC21800E60682 /* FilmCell.swift */; };
		08B05ED220FCC21800E60682 /* FilmCell.xib in Resources */ = {isa = PBXBuildFile; fileRef = 08B05ED020FCC21800E60682 /* FilmCell.xib */; };
		08C46EE920FE163100065E80 /* BaseFilmsModel.swift in Sources */ = {isa = PBXBuildFile; fileRef = 08C46EE820FE163100065E80 /* BaseFilmsModel.swift */; };
		08C46EEB20FE1BD100065E80 /* DataStore.swift in Sources */ = {isa = PBXBuildFile; fileRef = 08C46EEA20FE1BD100065E80 /* DataStore.swift */; };
		08C46EED20FE1FCF00065E80 /* Reachability.swift in Sources */ = {isa = PBXBuildFile; fileRef = 08C46EEC20FE1FCF00065E80 /* Reachability.swift */; };
		A2FAFE1D49A1982DF9F9055F /* Pods_MoviesTest.framework in Frameworks */ = {isa = PBXBuildFile; fileRef = AD8113DFF157509246548A3A /* Pods_MoviesTest.framework */; };
/* End PBXBuildFile section */

/* Begin PBXFileReference section */
		081E0AA020FC8F6400DBA95C /* MoviesTest.app */ = {isa = PBXFileReference; explicitFileType = wrapper.application; includeInIndex = 0; path = MoviesTest.app; sourceTree = BUILT_PRODUCTS_DIR; };
		081E0AA320FC8F6400DBA95C /* AppDelegate.swift */ = {isa = PBXFileReference; lastKnownFileType = sourcecode.swift; path = AppDelegate.swift; sourceTree = "<group>"; };
		081E0AA520FC8F6400DBA95C /* ViewController.swift */ = {isa = PBXFileReference; lastKnownFileType = sourcecode.swift; path = ViewController.swift; sourceTree = "<group>"; };
		081E0AA820FC8F6400DBA95C /* Base */ = {isa = PBXFileReference; lastKnownFileType = file.storyboard; name = Base; path = Base.lproj/Main.storyboard; sourceTree = "<group>"; };
		081E0AAA20FC8F6500DBA95C /* Assets.xcassets */ = {isa = PBXFileReference; lastKnownFileType = folder.assetcatalog; path = Assets.xcassets; sourceTree = "<group>"; };
		081E0AAD20FC8F6500DBA95C /* Base */ = {isa = PBXFileReference; lastKnownFileType = file.storyboard; name = Base; path = Base.lproj/LaunchScreen.storyboard; sourceTree = "<group>"; };
		081E0AAF20FC8F6500DBA95C /* Info.plist */ = {isa = PBXFileReference; lastKnownFileType = text.plist.xml; path = Info.plist; sourceTree = "<group>"; };
		081E0AB520FC9C1B00DBA95C /* APIConstants.swift */ = {isa = PBXFileReference; lastKnownFileType = sourcecode.swift; path = APIConstants.swift; sourceTree = "<group>"; };
		08A6422D20FDE35000DF35D7 /* InfoFilmVC.swift */ = {isa = PBXFileReference; lastKnownFileType = sourcecode.swift; path = InfoFilmVC.swift; sourceTree = "<group>"; };
		08A6422F20FDF6DC00DF35D7 /* ExtensionUIImageView.swift */ = {isa = PBXFileReference; lastKnownFileType = sourcecode.swift; path = ExtensionUIImageView.swift; sourceTree = "<group>"; };
		08B05EC820FCA9D600E60682 /* NetWorkManager.swift */ = {isa = PBXFileReference; lastKnownFileType = sourcecode.swift; path = NetWorkManager.swift; sourceTree = "<group>"; };
		08B05ECA20FCBA1300E60682 /* FilmModel.swift */ = {isa = PBXFileReference; lastKnownFileType = sourcecode.swift; path = FilmModel.swift; sourceTree = "<group>"; };
		08B05ECF20FCC21800E60682 /* FilmCell.swift */ = {isa = PBXFileReference; lastKnownFileType = sourcecode.swift; path = FilmCell.swift; sourceTree = "<group>"; };
		08B05ED020FCC21800E60682 /* FilmCell.xib */ = {isa = PBXFileReference; lastKnownFileType = file.xib; path = FilmCell.xib; sourceTree = "<group>"; };
		08C46EE820FE163100065E80 /* BaseFilmsModel.swift */ = {isa = PBXFileReference; lastKnownFileType = sourcecode.swift; path = BaseFilmsModel.swift; sourceTree = "<group>"; };
		08C46EEA20FE1BD100065E80 /* DataStore.swift */ = {isa = PBXFileReference; lastKnownFileType = sourcecode.swift; path = DataStore.swift; sourceTree = "<group>"; };
		08C46EEC20FE1FCF00065E80 /* Reachability.swift */ = {isa = PBXFileReference; lastKnownFileType = sourcecode.swift; path = Reachability.swift; sourceTree = "<group>"; };
		52295B238EF3A95A69872BB1 /* Pods-MoviesTest.debug.xcconfig */ = {isa = PBXFileReference; includeInIndex = 1; lastKnownFileType = text.xcconfig; name = "Pods-MoviesTest.debug.xcconfig"; path = "Pods/Target Support Files/Pods-MoviesTest/Pods-MoviesTest.debug.xcconfig"; sourceTree = "<group>"; };
		AD8113DFF157509246548A3A /* Pods_MoviesTest.framework */ = {isa = PBXFileReference; explicitFileType = wrapper.framework; includeInIndex = 0; path = Pods_MoviesTest.framework; sourceTree = BUILT_PRODUCTS_DIR; };
		DB8A0031B32688543241C144 /* Pods-MoviesTest.release.xcconfig */ = {isa = PBXFileReference; includeInIndex = 1; lastKnownFileType = text.xcconfig; name = "Pods-MoviesTest.release.xcconfig"; path = "Pods/Target Support Files/Pods-MoviesTest/Pods-MoviesTest.release.xcconfig"; sourceTree = "<group>"; };
/* End PBXFileReference section */

/* Begin PBXFrameworksBuildPhase section */
		081E0A9D20FC8F6400DBA95C /* Frameworks */ = {
			isa = PBXFrameworksBuildPhase;
			buildActionMask = 2147483647;
			files = (
				A2FAFE1D49A1982DF9F9055F /* Pods_MoviesTest.framework in Frameworks */,
			);
			runOnlyForDeploymentPostprocessing = 0;
		};
/* End PBXFrameworksBuildPhase section */

/* Begin PBXGroup section */
		081E0A9720FC8F6400DBA95C = {
			isa = PBXGroup;
			children = (
				081E0AA220FC8F6400DBA95C /* MoviesTest */,
				081E0AA120FC8F6400DBA95C /* Products */,
				A6B2748C1E147EAD52206014 /* Pods */,
				DA129F95A3AC859C43490225 /* Frameworks */,
			);
			sourceTree = "<group>";
		};
		081E0AA120FC8F6400DBA95C /* Products */ = {
			isa = PBXGroup;
			children = (
				081E0AA020FC8F6400DBA95C /* MoviesTest.app */,
			);
			name = Products;
			sourceTree = "<group>";
		};
		081E0AA220FC8F6400DBA95C /* MoviesTest */ = {
			isa = PBXGroup;
			children = (
				081E0AA320FC8F6400DBA95C /* AppDelegate.swift */,
				081E0AB520FC9C1B00DBA95C /* APIConstants.swift */,
				08B05ECE20FCC1CB00E60682 /* Controllers */,
				08B05ECC20FCC19100E60682 /* Services */,
				08B05ECD20FCC1BC00E60682 /* Models */,
				081E0AA720FC8F6400DBA95C /* Main.storyboard */,
				08B05ED020FCC21800E60682 /* FilmCell.xib */,
				081E0AAA20FC8F6500DBA95C /* Assets.xcassets */,
				081E0AAC20FC8F6500DBA95C /* LaunchScreen.storyboard */,
				081E0AAF20FC8F6500DBA95C /* Info.plist */,
			);
			path = MoviesTest;
			sourceTree = "<group>";
		};
		08B05ECC20FCC19100E60682 /* Services */ = {
			isa = PBXGroup;
			children = (
				08B05EC820FCA9D600E60682 /* NetWorkManager.swift */,
				08C46EEA20FE1BD100065E80 /* DataStore.swift */,
				08C46EEC20FE1FCF00065E80 /* Reachability.swift */,
				08A6422F20FDF6DC00DF35D7 /* ExtensionUIImageView.swift */,
			);
			path = Services;
			sourceTree = "<group>";
		};
		08B05ECD20FCC1BC00E60682 /* Models */ = {
			isa = PBXGroup;
			children = (
				08B05ECA20FCBA1300E60682 /* FilmModel.swift */,
				08C46EE820FE163100065E80 /* BaseFilmsModel.swift */,
			);
			path = Models;
			sourceTree = "<group>";
		};
		08B05ECE20FCC1CB00E60682 /* Controllers */ = {
			isa = PBXGroup;
			children = (
				081E0AA520FC8F6400DBA95C /* ViewController.swift */,
				08A6422D20FDE35000DF35D7 /* InfoFilmVC.swift */,
				08B05ECF20FCC21800E60682 /* FilmCell.swift */,
			);
			path = Controllers;
			sourceTree = "<group>";
		};
		A6B2748C1E147EAD52206014 /* Pods */ = {
			isa = PBXGroup;
			children = (
				52295B238EF3A95A69872BB1 /* Pods-MoviesTest.debug.xcconfig */,
				DB8A0031B32688543241C144 /* Pods-MoviesTest.release.xcconfig */,
			);
			name = Pods;
			sourceTree = "<group>";
		};
		DA129F95A3AC859C43490225 /* Frameworks */ = {
			isa = PBXGroup;
			children = (
				AD8113DFF157509246548A3A /* Pods_MoviesTest.framework */,
			);
			name = Frameworks;
			sourceTree = "<group>";
		};
/* End PBXGroup section */

/* Begin PBXNativeTarget section */
		081E0A9F20FC8F6400DBA95C /* MoviesTest */ = {
			isa = PBXNativeTarget;
			buildConfigurationList = 081E0AB220FC8F6500DBA95C /* Build configuration list for PBXNativeTarget "MoviesTest" */;
			buildPhases = (
				4C7DB039BCF77702F679715C /* [CP] Check Pods Manifest.lock */,
				081E0A9C20FC8F6400DBA95C /* Sources */,
				081E0A9D20FC8F6400DBA95C /* Frameworks */,
				081E0A9E20FC8F6400DBA95C /* Resources */,
				3F5F699107C6A3D47883714A /* [CP] Embed Pods Frameworks */,
			);
			buildRules = (
			);
			dependencies = (
			);
			name = MoviesTest;
			productName = MoviesTest;
			productReference = 081E0AA020FC8F6400DBA95C /* MoviesTest.app */;
			productType = "com.apple.product-type.application";
		};
/* End PBXNativeTarget section */

/* Begin PBXProject section */
		081E0A9820FC8F6400DBA95C /* Project object */ = {
			isa = PBXProject;
			attributes = {
				LastSwiftUpdateCheck = 0940;
				LastUpgradeCheck = 0940;
				ORGANIZATIONNAME = " Anita";
				TargetAttributes = {
					081E0A9F20FC8F6400DBA95C = {
						CreatedOnToolsVersion = 9.4.1;
					};
				};
			};
			buildConfigurationList = 081E0A9B20FC8F6400DBA95C /* Build configuration list for PBXProject "MoviesTest" */;
			compatibilityVersion = "Xcode 9.3";
			developmentRegion = en;
			hasScannedForEncodings = 0;
			knownRegions = (
				en,
				Base,
			);
			mainGroup = 081E0A9720FC8F6400DBA95C;
			productRefGroup = 081E0AA120FC8F6400DBA95C /* Products */;
			projectDirPath = "";
			projectRoot = "";
			targets = (
				081E0A9F20FC8F6400DBA95C /* MoviesTest */,
			);
		};
/* End PBXProject section */

/* Begin PBXResourcesBuildPhase section */
		081E0A9E20FC8F6400DBA95C /* Resources */ = {
			isa = PBXResourcesBuildPhase;
			buildActionMask = 2147483647;
			files = (
				081E0AAE20FC8F6500DBA95C /* LaunchScreen.storyboard in Resources */,
				08B05ED220FCC21800E60682 /* FilmCell.xib in Resources */,
				081E0AAB20FC8F6500DBA95C /* Assets.xcassets in Resources */,
				081E0AA920FC8F6400DBA95C /* Main.storyboard in Resources */,
			);
			runOnlyForDeploymentPostprocessing = 0;
		};
/* End PBXResourcesBuildPhase section */

/* Begin PBXShellScriptBuildPhase section */
		3F5F699107C6A3D47883714A /* [CP] Embed Pods Frameworks */ = {
			isa = PBXShellScriptBuildPhase;
			buildActionMask = 2147483647;
			files = (
			);
			inputPaths = (
				"${SRCROOT}/Pods/Target Support Files/Pods-MoviesTest/Pods-MoviesTest-frameworks.sh",
				"${BUILT_PRODUCTS_DIR}/Alamofire/Alamofire.framework",
				"${BUILT_PRODUCTS_DIR}/Realm/Realm.framework",
				"${BUILT_PRODUCTS_DIR}/RealmSwift/RealmSwift.framework",
				"${BUILT_PRODUCTS_DIR}/YouTubePlayer/YouTubePlayer.framework",
			);
			name = "[CP] Embed Pods Frameworks";
			outputPaths = (
				"${TARGET_BUILD_DIR}/${FRAMEWORKS_FOLDER_PATH}/Alamofire.framework",
				"${TARGET_BUILD_DIR}/${FRAMEWORKS_FOLDER_PATH}/Realm.framework",
				"${TARGET_BUILD_DIR}/${FRAMEWORKS_FOLDER_PATH}/RealmSwift.framework",
				"${TARGET_BUILD_DIR}/${FRAMEWORKS_FOLDER_PATH}/YouTubePlayer.framework",
			);
			runOnlyForDeploymentPostprocessing = 0;
			shellPath = /bin/sh;
			shellScript = "\"${SRCROOT}/Pods/Target Support Files/Pods-MoviesTest/Pods-MoviesTest-frameworks.sh\"\n";
			showEnvVarsInLog = 0;
		};
		4C7DB039BCF77702F679715C /* [CP] Check Pods Manifest.lock */ = {
			isa = PBXShellScriptBuildPhase;
			buildActionMask = 2147483647;
			files = (
			);
			inputPaths = (
				"${PODS_PODFILE_DIR_PATH}/Podfile.lock",
				"${PODS_ROOT}/Manifest.lock",
			);
			name = "[CP] Check Pods Manifest.lock";
			outputPaths = (
				"$(DERIVED_FILE_DIR)/Pods-MoviesTest-checkManifestLockResult.txt",
			);
			runOnlyForDeploymentPostprocessing = 0;
			shellPath = /bin/sh;
			shellScript = "diff \"${PODS_PODFILE_DIR_PATH}/Podfile.lock\" \"${PODS_ROOT}/Manifest.lock\" > /dev/null\nif [ $? != 0 ] ; then\n    # print error to STDERR\n    echo \"error: The sandbox is not in sync with the Podfile.lock. Run 'pod install' or update your CocoaPods installation.\" >&2\n    exit 1\nfi\n# This output is used by Xcode 'outputs' to avoid re-running this script phase.\necho \"SUCCESS\" > \"${SCRIPT_OUTPUT_FILE_0}\"\n";
			showEnvVarsInLog = 0;
		};
/* End PBXShellScriptBuildPhase section */

/* Begin PBXSourcesBuildPhase section */
		081E0A9C20FC8F6400DBA95C /* Sources */ = {
			isa = PBXSourcesBuildPhase;
			buildActionMask = 2147483647;
			files = (
				08C46EE920FE163100065E80 /* BaseFilmsModel.swift in Sources */,
				08A6422E20FDE35000DF35D7 /* InfoFilmVC.swift in Sources */,
				08C46EED20FE1FCF00065E80 /* Reachability.swift in Sources */,
				08A6423020FDF6DC00DF35D7 /* ExtensionUIImageView.swift in Sources */,
				08B05EC920FCA9D600E60682 /* NetWorkManager.swift in Sources */,
				08C46EEB20FE1BD100065E80 /* DataStore.swift in Sources */,
				081E0AA620FC8F6400DBA95C /* ViewController.swift in Sources */,
				08B05ECB20FCBA1300E60682 /* FilmModel.swift in Sources */,
				08B05ED120FCC21800E60682 /* FilmCell.swift in Sources */,
				081E0AA420FC8F6400DBA95C /* AppDelegate.swift in Sources */,
				081E0AB620FC9C1B00DBA95C /* APIConstants.swift in Sources */,
			);
			runOnlyForDeploymentPostprocessing = 0;
		};
/* End PBXSourcesBuildPhase section */

/* Begin PBXVariantGroup section */
		081E0AA720FC8F6400DBA95C /* Main.storyboard */ = {
			isa = PBXVariantGroup;
			children = (
				081E0AA820FC8F6400DBA95C /* Base */,
			);
			name = Main.storyboard;
			sourceTree = "<group>";
		};
		081E0AAC20FC8F6500DBA95C /* LaunchScreen.storyboard */ = {
			isa = PBXVariantGroup;
			children = (
				081E0AAD20FC8F6500DBA95C /* Base */,
			);
			name = LaunchScreen.storyboard;
			sourceTree = "<group>";
		};
/* End PBXVariantGroup section */

/* Begin XCBuildConfiguration section */
		081E0AB020FC8F6500DBA95C /* Debug */ = {
			isa = XCBuildConfiguration;
			buildSettings = {
				ALWAYS_SEARCH_USER_PATHS = NO;
				CLANG_ANALYZER_NONNULL = YES;
				CLANG_ANALYZER_NUMBER_OBJECT_CONVERSION = YES_AGGRESSIVE;
				CLANG_CXX_LANGUAGE_STANDARD = "gnu++14";
				CLANG_CXX_LIBRARY = "libc++";
				CLANG_ENABLE_MODULES = YES;
				CLANG_ENABLE_OBJC_ARC = YES;
				CLANG_ENABLE_OBJC_WEAK = YES;
				CLANG_WARN_BLOCK_CAPTURE_AUTORELEASING = YES;
				CLANG_WARN_BOOL_CONVERSION = YES;
				CLANG_WARN_COMMA = YES;
				CLANG_WARN_CONSTANT_CONVERSION = YES;
				CLANG_WARN_DEPRECATED_OBJC_IMPLEMENTATIONS = YES;
				CLANG_WARN_DIRECT_OBJC_ISA_USAGE = YES_ERROR;
				CLANG_WARN_DOCUMENTATION_COMMENTS = YES;
				CLANG_WARN_EMPTY_BODY = YES;
				CLANG_WARN_ENUM_CONVERSION = YES;
				CLANG_WARN_INFINITE_RECURSION = YES;
				CLANG_WARN_INT_CONVERSION = YES;
				CLANG_WARN_NON_LITERAL_NULL_CONVERSION = YES;
				CLANG_WARN_OBJC_IMPLICIT_RETAIN_SELF = YES;
				CLANG_WARN_OBJC_LITERAL_CONVERSION = YES;
				CLANG_WARN_OBJC_ROOT_CLASS = YES_ERROR;
				CLANG_WARN_RANGE_LOOP_ANALYSIS = YES;
				CLANG_WARN_STRICT_PROTOTYPES = YES;
				CLANG_WARN_SUSPICIOUS_MOVE = YES;
				CLANG_WARN_UNGUARDED_AVAILABILITY = YES_AGGRESSIVE;
				CLANG_WARN_UNREACHABLE_CODE = YES;
				CLANG_WARN__DUPLICATE_METHOD_MATCH = YES;
				CODE_SIGN_IDENTITY = "iPhone Developer";
				COPY_PHASE_STRIP = NO;
				DEBUG_INFORMATION_FORMAT = dwarf;
				ENABLE_STRICT_OBJC_MSGSEND = YES;
				ENABLE_TESTABILITY = YES;
				GCC_C_LANGUAGE_STANDARD = gnu11;
				GCC_DYNAMIC_NO_PIC = NO;
				GCC_NO_COMMON_BLOCKS = YES;
				GCC_OPTIMIZATION_LEVEL = 0;
				GCC_PREPROCESSOR_DEFINITIONS = (
					"DEBUG=1",
					"$(inherited)",
				);
				GCC_WARN_64_TO_32_BIT_CONVERSION = YES;
				GCC_WARN_ABOUT_RETURN_TYPE = YES_ERROR;
				GCC_WARN_UNDECLARED_SELECTOR = YES;
				GCC_WARN_UNINITIALIZED_AUTOS = YES_AGGRESSIVE;
				GCC_WARN_UNUSED_FUNCTION = YES;
				GCC_WARN_UNUSED_VARIABLE = YES;
				IPHONEOS_DEPLOYMENT_TARGET = 11.4;
				MTL_ENABLE_DEBUG_INFO = YES;
				ONLY_ACTIVE_ARCH = YES;
				SDKROOT = iphoneos;
				SWIFT_ACTIVE_COMPILATION_CONDITIONS = DEBUG;
				SWIFT_OPTIMIZATION_LEVEL = "-Onone";
			};
			name = Debug;
		};
		081E0AB120FC8F6500DBA95C /* Release */ = {
			isa = XCBuildConfiguration;
			buildSettings = {
				ALWAYS_SEARCH_USER_PATHS = NO;
				CLANG_ANALYZER_NONNULL = YES;
				CLANG_ANALYZER_NUMBER_OBJECT_CONVERSION = YES_AGGRESSIVE;
				CLANG_CXX_LANGUAGE_STANDARD = "gnu++14";
				CLANG_CXX_LIBRARY = "libc++";
				CLANG_ENABLE_MODULES = YES;
				CLANG_ENABLE_OBJC_ARC = YES;
				CLANG_ENABLE_OBJC_WEAK = YES;
				CLANG_WARN_BLOCK_CAPTURE_AUTORELEASING = YES;
				CLANG_WARN_BOOL_CONVERSION = YES;
				CLANG_WARN_COMMA = YES;
				CLANG_WARN_CONSTANT_CONVERSION = YES;
				CLANG_WARN_DEPRECATED_OBJC_IMPLEMENTATIONS = YES;
				CLANG_WARN_DIRECT_OBJC_ISA_USAGE = YES_ERROR;
				CLANG_WARN_DOCUMENTATION_COMMENTS = YES;
				CLANG_WARN_EMPTY_BODY = YES;
				CLANG_WARN_ENUM_CONVERSION = YES;
				CLANG_WARN_INFINITE_RECURSION = YES;
				CLANG_WARN_INT_CONVERSION = YES;
				CLANG_WARN_NON_LITERAL_NULL_CONVERSION = YES;
				CLANG_WARN_OBJC_IMPLICIT_RETAIN_SELF = YES;
				CLANG_WARN_OBJC_LITERAL_CONVERSION = YES;
				CLANG_WARN_OBJC_ROOT_CLASS = YES_ERROR;
				CLANG_WARN_RANGE_LOOP_ANALYSIS = YES;
				CLANG_WARN_STRICT_PROTOTYPES = YES;
				CLANG_WARN_SUSPICIOUS_MOVE = YES;
				CLANG_WARN_UNGUARDED_AVAILABILITY = YES_AGGRESSIVE;
				CLANG_WARN_UNREACHABLE_CODE = YES;
				CLANG_WARN__DUPLICATE_METHOD_MATCH = YES;
				CODE_SIGN_IDENTITY = "iPhone Developer";
				COPY_PHASE_STRIP = NO;
				DEBUG_INFORMATION_FORMAT = "dwarf-with-dsym";
				ENABLE_NS_ASSERTIONS = NO;
				ENABLE_STRICT_OBJC_MSGSEND = YES;
				GCC_C_LANGUAGE_STANDARD = gnu11;
				GCC_NO_COMMON_BLOCKS = YES;
				GCC_WARN_64_TO_32_BIT_CONVERSION = YES;
				GCC_WARN_ABOUT_RETURN_TYPE = YES_ERROR;
				GCC_WARN_UNDECLARED_SELECTOR = YES;
				GCC_WARN_UNINITIALIZED_AUTOS = YES_AGGRESSIVE;
				GCC_WARN_UNUSED_FUNCTION = YES;
				GCC_WARN_UNUSED_VARIABLE = YES;
				IPHONEOS_DEPLOYMENT_TARGET = 11.4;
				MTL_ENABLE_DEBUG_INFO = NO;
				SDKROOT = iphoneos;
				SWIFT_COMPILATION_MODE = wholemodule;
				SWIFT_OPTIMIZATION_LEVEL = "-O";
				VALIDATE_PRODUCT = YES;
			};
			name = Release;
		};
		081E0AB320FC8F6500DBA95C /* Debug */ = {
			isa = XCBuildConfiguration;
			baseConfigurationReference = 52295B238EF3A95A69872BB1 /* Pods-MoviesTest.debug.xcconfig */;
			buildSettings = {
				ASSETCATALOG_COMPILER_APPICON_NAME = AppIcon;
				CODE_SIGN_STYLE = Automatic;
				INFOPLIST_FILE = MoviesTest/Info.plist;
				IPHONEOS_DEPLOYMENT_TARGET = 10.0;
				LD_RUNPATH_SEARCH_PATHS = (
					"$(inherited)",
					"@executable_path/Frameworks",
				);
				PRODUCT_BUNDLE_IDENTIFIER = AA.MoviesTest;
				PRODUCT_NAME = "$(TARGET_NAME)";
				SWIFT_VERSION = 4.0;
				TARGETED_DEVICE_FAMILY = "1,2";
			};
			name = Debug;
		};
		081E0AB420FC8F6500DBA95C /* Release */ = {
			isa = XCBuildConfiguration;
			baseConfigurationReference = DB8A0031B32688543241C144 /* Pods-MoviesTest.release.xcconfig */;
			buildSettings = {
				ASSETCATALOG_COMPILER_APPICON_NAME = AppIcon;
				CODE_SIGN_STYLE = Automatic;
				INFOPLIST_FILE = MoviesTest/Info.plist;
				IPHONEOS_DEPLOYMENT_TARGET = 10.0;
				LD_RUNPATH_SEARCH_PATHS = (
					"$(inherited)",
					"@executable_path/Frameworks",
				);
				PRODUCT_BUNDLE_IDENTIFIER = AA.MoviesTest;
				PRODUCT_NAME = "$(TARGET_NAME)";
				SWIFT_VERSION = 4.0;
				TARGETED_DEVICE_FAMILY = "1,2";
			};
			name = Release;
		};
/* End XCBuildConfiguration section */

/* Begin XCConfigurationList section */
		081E0A9B20FC8F6400DBA95C /* Build configuration list for PBXProject "MoviesTest" */ = {
			isa = XCConfigurationList;
			buildConfigurations = (
				081E0AB020FC8F6500DBA95C /* Debug */,
				081E0AB120FC8F6500DBA95C /* Release */,
			);
			defaultConfigurationIsVisible = 0;
			defaultConfigurationName = Release;
		};
		081E0AB220FC8F6500DBA95C /* Build configuration list for PBXNativeTarget "MoviesTest" */ = {
			isa = XCConfigurationList;
			buildConfigurations = (
				081E0AB320FC8F6500DBA95C /* Debug */,
				081E0AB420FC8F6500DBA95C /* Release */,
			);
			defaultConfigurationIsVisible = 0;
			defaultConfigurationName = Release;
		};
/* End XCConfigurationList section */
	};
	rootObject = 081E0A9820FC8F6400DBA95C /* Project object */;
}
